// !$*UTF8*$!
{
	archiveVersion = 1;
	classes = {
	};
	objectVersion = 56;
	objects = {

/* Begin PBXBuildFile section */
		4E1B2FF52BA12F3D00F30379 /* SwiftToolSetApp.swift in Sources */ = {isa = PBXBuildFile; fileRef = 4E1B2FF42BA12F3D00F30379 /* SwiftToolSetApp.swift */; };
		4E1B2FF72BA12F3D00F30379 /* ContentView.swift in Sources */ = {isa = PBXBuildFile; fileRef = 4E1B2FF62BA12F3D00F30379 /* ContentView.swift */; };
		4E1B2FF92BA12F3D00F30379 /* Item.swift in Sources */ = {isa = PBXBuildFile; fileRef = 4E1B2FF82BA12F3D00F30379 /* Item.swift */; };
		4E1B2FFB2BA12F3E00F30379 /* Assets.xcassets in Resources */ = {isa = PBXBuildFile; fileRef = 4E1B2FFA2BA12F3E00F30379 /* Assets.xcassets */; };
		4E1B2FFF2BA12F3E00F30379 /* Preview Assets.xcassets in Resources */ = {isa = PBXBuildFile; fileRef = 4E1B2FFE2BA12F3E00F30379 /* Preview Assets.xcassets */; };
		4E1B30092BA12F3E00F30379 /* SwiftToolSetTests.swift in Sources */ = {isa = PBXBuildFile; fileRef = 4E1B30082BA12F3E00F30379 /* SwiftToolSetTests.swift */; };
		4E1B30132BA12F3E00F30379 /* SwiftToolSetUITests.swift in Sources */ = {isa = PBXBuildFile; fileRef = 4E1B30122BA12F3E00F30379 /* SwiftToolSetUITests.swift */; };
		4E1B30152BA12F3E00F30379 /* SwiftToolSetUITestsLaunchTests.swift in Sources */ = {isa = PBXBuildFile; fileRef = 4E1B30142BA12F3E00F30379 /* SwiftToolSetUITestsLaunchTests.swift */; };
		4E47D6542BA1AB7100C504C2 /* ThemeChangeView.swift in Sources */ = {isa = PBXBuildFile; fileRef = 4E47D6532BA1AB7100C504C2 /* ThemeChangeView.swift */; };
		4E47D6582BA1B44400C504C2 /* TestThemeChangeView.swift in Sources */ = {isa = PBXBuildFile; fileRef = 4E47D6572BA1B44400C504C2 /* TestThemeChangeView.swift */; };
		4E47D65B2BA1FB2D00C504C2 /* IndicatorHome.swift in Sources */ = {isa = PBXBuildFile; fileRef = 4E47D65A2BA1FB2D00C504C2 /* IndicatorHome.swift */; };
		4E47D65D2BA1FD5500C504C2 /* PagingIndicator.swift in Sources */ = {isa = PBXBuildFile; fileRef = 4E47D65C2BA1FD5500C504C2 /* PagingIndicator.swift */; };
		4E47D6602BA2A85500C504C2 /* MagnifyingClassHome.swift in Sources */ = {isa = PBXBuildFile; fileRef = 4E47D65F2BA2A85500C504C2 /* MagnifyingClassHome.swift */; };
		4E47D6662BA34C4000C504C2 /* Album.swift in Sources */ = {isa = PBXBuildFile; fileRef = 4E47D6652BA34C4000C504C2 /* Album.swift */; };
		4E47D6682BA34C6A00C504C2 /* HeaderAnimationHome.swift in Sources */ = {isa = PBXBuildFile; fileRef = 4E47D6672BA34C6A00C504C2 /* HeaderAnimationHome.swift */; };
		4E47D66A2BA34D4C00C504C2 /* HeaderAnimation.swift in Sources */ = {isa = PBXBuildFile; fileRef = 4E47D6692BA34D4C00C504C2 /* HeaderAnimation.swift */; };
/* End PBXBuildFile section */

/* Begin PBXContainerItemProxy section */
		4E1B30052BA12F3E00F30379 /* PBXContainerItemProxy */ = {
			isa = PBXContainerItemProxy;
			containerPortal = 4E1B2FE92BA12F3D00F30379 /* Project object */;
			proxyType = 1;
			remoteGlobalIDString = 4E1B2FF02BA12F3D00F30379;
			remoteInfo = SwiftToolSet;
		};
		4E1B300F2BA12F3E00F30379 /* PBXContainerItemProxy */ = {
			isa = PBXContainerItemProxy;
			containerPortal = 4E1B2FE92BA12F3D00F30379 /* Project object */;
			proxyType = 1;
			remoteGlobalIDString = 4E1B2FF02BA12F3D00F30379;
			remoteInfo = SwiftToolSet;
		};
/* End PBXContainerItemProxy section */

/* Begin PBXFileReference section */
		4E1B2FF12BA12F3D00F30379 /* SwiftToolSet.app */ = {isa = PBXFileReference; explicitFileType = wrapper.application; includeInIndex = 0; path = SwiftToolSet.app; sourceTree = BUILT_PRODUCTS_DIR; };
		4E1B2FF42BA12F3D00F30379 /* SwiftToolSetApp.swift */ = {isa = PBXFileReference; lastKnownFileType = sourcecode.swift; path = SwiftToolSetApp.swift; sourceTree = "<group>"; };
		4E1B2FF62BA12F3D00F30379 /* ContentView.swift */ = {isa = PBXFileReference; lastKnownFileType = sourcecode.swift; path = ContentView.swift; sourceTree = "<group>"; };
		4E1B2FF82BA12F3D00F30379 /* Item.swift */ = {isa = PBXFileReference; lastKnownFileType = sourcecode.swift; path = Item.swift; sourceTree = "<group>"; };
		4E1B2FFA2BA12F3E00F30379 /* Assets.xcassets */ = {isa = PBXFileReference; lastKnownFileType = folder.assetcatalog; path = Assets.xcassets; sourceTree = "<group>"; };
		4E1B2FFC2BA12F3E00F30379 /* SwiftToolSet.entitlements */ = {isa = PBXFileReference; lastKnownFileType = text.plist.entitlements; path = SwiftToolSet.entitlements; sourceTree = "<group>"; };
		4E1B2FFE2BA12F3E00F30379 /* Preview Assets.xcassets */ = {isa = PBXFileReference; lastKnownFileType = folder.assetcatalog; path = "Preview Assets.xcassets"; sourceTree = "<group>"; };
		4E1B30042BA12F3E00F30379 /* SwiftToolSetTests.xctest */ = {isa = PBXFileReference; explicitFileType = wrapper.cfbundle; includeInIndex = 0; path = SwiftToolSetTests.xctest; sourceTree = BUILT_PRODUCTS_DIR; };
		4E1B30082BA12F3E00F30379 /* SwiftToolSetTests.swift */ = {isa = PBXFileReference; lastKnownFileType = sourcecode.swift; path = SwiftToolSetTests.swift; sourceTree = "<group>"; };
		4E1B300E2BA12F3E00F30379 /* SwiftToolSetUITests.xctest */ = {isa = PBXFileReference; explicitFileType = wrapper.cfbundle; includeInIndex = 0; path = SwiftToolSetUITests.xctest; sourceTree = BUILT_PRODUCTS_DIR; };
		4E1B30122BA12F3E00F30379 /* SwiftToolSetUITests.swift */ = {isa = PBXFileReference; lastKnownFileType = sourcecode.swift; path = SwiftToolSetUITests.swift; sourceTree = "<group>"; };
		4E1B30142BA12F3E00F30379 /* SwiftToolSetUITestsLaunchTests.swift */ = {isa = PBXFileReference; lastKnownFileType = sourcecode.swift; path = SwiftToolSetUITestsLaunchTests.swift; sourceTree = "<group>"; };
		4E47D6532BA1AB7100C504C2 /* ThemeChangeView.swift */ = {isa = PBXFileReference; lastKnownFileType = sourcecode.swift; path = ThemeChangeView.swift; sourceTree = "<group>"; };
		4E47D6572BA1B44400C504C2 /* TestThemeChangeView.swift */ = {isa = PBXFileReference; lastKnownFileType = sourcecode.swift; path = TestThemeChangeView.swift; sourceTree = "<group>"; };
		4E47D65A2BA1FB2D00C504C2 /* IndicatorHome.swift */ = {isa = PBXFileReference; lastKnownFileType = sourcecode.swift; path = IndicatorHome.swift; sourceTree = "<group>"; };
		4E47D65C2BA1FD5500C504C2 /* PagingIndicator.swift */ = {isa = PBXFileReference; lastKnownFileType = sourcecode.swift; path = PagingIndicator.swift; sourceTree = "<group>"; };
		4E47D65F2BA2A85500C504C2 /* MagnifyingClassHome.swift */ = {isa = PBXFileReference; lastKnownFileType = sourcecode.swift; path = MagnifyingClassHome.swift; sourceTree = "<group>"; };
		4E47D6652BA34C4000C504C2 /* Album.swift */ = {isa = PBXFileReference; lastKnownFileType = sourcecode.swift; path = Album.swift; sourceTree = "<group>"; };
		4E47D6672BA34C6A00C504C2 /* HeaderAnimationHome.swift */ = {isa = PBXFileReference; lastKnownFileType = sourcecode.swift; path = HeaderAnimationHome.swift; sourceTree = "<group>"; };
		4E47D6692BA34D4C00C504C2 /* HeaderAnimation.swift */ = {isa = PBXFileReference; lastKnownFileType = sourcecode.swift; path = HeaderAnimation.swift; sourceTree = "<group>"; };
/* End PBXFileReference section */

/* Begin PBXFrameworksBuildPhase section */
		4E1B2FEE2BA12F3D00F30379 /* Frameworks */ = {
			isa = PBXFrameworksBuildPhase;
			buildActionMask = 2147483647;
			files = (
			);
			runOnlyForDeploymentPostprocessing = 0;
		};
		4E1B30012BA12F3E00F30379 /* Frameworks */ = {
			isa = PBXFrameworksBuildPhase;
			buildActionMask = 2147483647;
			files = (
			);
			runOnlyForDeploymentPostprocessing = 0;
		};
		4E1B300B2BA12F3E00F30379 /* Frameworks */ = {
			isa = PBXFrameworksBuildPhase;
			buildActionMask = 2147483647;
			files = (
			);
			runOnlyForDeploymentPostprocessing = 0;
		};
/* End PBXFrameworksBuildPhase section */

/* Begin PBXGroup section */
		4E1B2FE82BA12F3D00F30379 = {
			isa = PBXGroup;
			children = (
				4E1B2FF32BA12F3D00F30379 /* SwiftToolSet */,
				4E1B30072BA12F3E00F30379 /* SwiftToolSetTests */,
				4E1B30112BA12F3E00F30379 /* SwiftToolSetUITests */,
				4E1B2FF22BA12F3D00F30379 /* Products */,
			);
			sourceTree = "<group>";
		};
		4E1B2FF22BA12F3D00F30379 /* Products */ = {
			isa = PBXGroup;
			children = (
				4E1B2FF12BA12F3D00F30379 /* SwiftToolSet.app */,
				4E1B30042BA12F3E00F30379 /* SwiftToolSetTests.xctest */,
				4E1B300E2BA12F3E00F30379 /* SwiftToolSetUITests.xctest */,
			);
			name = Products;
			sourceTree = "<group>";
		};
		4E1B2FF32BA12F3D00F30379 /* SwiftToolSet */ = {
			isa = PBXGroup;
			children = (
				4E47D6642BA34BF400C504C2 /* SpotifyHeaderAnimation */,
				4E47D65E2BA2A7F200C504C2 /* MagnifyingClass */,
				4E47D6592BA1FAB100C504C2 /* PagingIndicator */,
				4E47D6522BA1AB5000C504C2 /* AppTheme */,
				4E1B2FF42BA12F3D00F30379 /* SwiftToolSetApp.swift */,
				4E1B2FF62BA12F3D00F30379 /* ContentView.swift */,
				4E1B2FF82BA12F3D00F30379 /* Item.swift */,
				4E1B2FFA2BA12F3E00F30379 /* Assets.xcassets */,
				4E1B2FFC2BA12F3E00F30379 /* SwiftToolSet.entitlements */,
				4E1B2FFD2BA12F3E00F30379 /* Preview Content */,
			);
			path = SwiftToolSet;
			sourceTree = "<group>";
		};
		4E1B2FFD2BA12F3E00F30379 /* Preview Content */ = {
			isa = PBXGroup;
			children = (
				4E1B2FFE2BA12F3E00F30379 /* Preview Assets.xcassets */,
			);
			path = "Preview Content";
			sourceTree = "<group>";
		};
		4E1B30072BA12F3E00F30379 /* SwiftToolSetTests */ = {
			isa = PBXGroup;
			children = (
				4E1B30082BA12F3E00F30379 /* SwiftToolSetTests.swift */,
			);
			path = SwiftToolSetTests;
			sourceTree = "<group>";
		};
		4E1B30112BA12F3E00F30379 /* SwiftToolSetUITests */ = {
			isa = PBXGroup;
			children = (
				4E1B30122BA12F3E00F30379 /* SwiftToolSetUITests.swift */,
				4E1B30142BA12F3E00F30379 /* SwiftToolSetUITestsLaunchTests.swift */,
			);
			path = SwiftToolSetUITests;
			sourceTree = "<group>";
		};
		4E47D6522BA1AB5000C504C2 /* AppTheme */ = {
			isa = PBXGroup;
			children = (
				4E47D6532BA1AB7100C504C2 /* ThemeChangeView.swift */,
				4E47D6572BA1B44400C504C2 /* TestThemeChangeView.swift */,
			);
			path = AppTheme;
			sourceTree = "<group>";
		};
		4E47D6592BA1FAB100C504C2 /* PagingIndicator */ = {
			isa = PBXGroup;
			children = (
				4E47D65A2BA1FB2D00C504C2 /* IndicatorHome.swift */,
				4E47D65C2BA1FD5500C504C2 /* PagingIndicator.swift */,
			);
			path = PagingIndicator;
			sourceTree = "<group>";
		};
		4E47D65E2BA2A7F200C504C2 /* MagnifyingClass */ = {
			isa = PBXGroup;
			children = (
				4E47D65F2BA2A85500C504C2 /* MagnifyingClassHome.swift */,
			);
			path = MagnifyingClass;
			sourceTree = "<group>";
		};
		4E47D6642BA34BF400C504C2 /* SpotifyHeaderAnimation */ = {
			isa = PBXGroup;
			children = (
				4E47D6652BA34C4000C504C2 /* Album.swift */,
				4E47D6672BA34C6A00C504C2 /* HeaderAnimationHome.swift */,
				4E47D6692BA34D4C00C504C2 /* HeaderAnimation.swift */,
			);
			path = SpotifyHeaderAnimation;
			sourceTree = "<group>";
		};
/* End PBXGroup section */

/* Begin PBXNativeTarget section */
		4E1B2FF02BA12F3D00F30379 /* SwiftToolSet */ = {
			isa = PBXNativeTarget;
			buildConfigurationList = 4E1B30182BA12F3E00F30379 /* Build configuration list for PBXNativeTarget "SwiftToolSet" */;
			buildPhases = (
				4E1B2FED2BA12F3D00F30379 /* Sources */,
				4E1B2FEE2BA12F3D00F30379 /* Frameworks */,
				4E1B2FEF2BA12F3D00F30379 /* Resources */,
			);
			buildRules = (
			);
			dependencies = (
			);
			name = SwiftToolSet;
			productName = SwiftToolSet;
			productReference = 4E1B2FF12BA12F3D00F30379 /* SwiftToolSet.app */;
			productType = "com.apple.product-type.application";
		};
		4E1B30032BA12F3E00F30379 /* SwiftToolSetTests */ = {
			isa = PBXNativeTarget;
			buildConfigurationList = 4E1B301B2BA12F3E00F30379 /* Build configuration list for PBXNativeTarget "SwiftToolSetTests" */;
			buildPhases = (
				4E1B30002BA12F3E00F30379 /* Sources */,
				4E1B30012BA12F3E00F30379 /* Frameworks */,
				4E1B30022BA12F3E00F30379 /* Resources */,
			);
			buildRules = (
			);
			dependencies = (
				4E1B30062BA12F3E00F30379 /* PBXTargetDependency */,
			);
			name = SwiftToolSetTests;
			productName = SwiftToolSetTests;
			productReference = 4E1B30042BA12F3E00F30379 /* SwiftToolSetTests.xctest */;
			productType = "com.apple.product-type.bundle.unit-test";
		};
		4E1B300D2BA12F3E00F30379 /* SwiftToolSetUITests */ = {
			isa = PBXNativeTarget;
			buildConfigurationList = 4E1B301E2BA12F3E00F30379 /* Build configuration list for PBXNativeTarget "SwiftToolSetUITests" */;
			buildPhases = (
				4E1B300A2BA12F3E00F30379 /* Sources */,
				4E1B300B2BA12F3E00F30379 /* Frameworks */,
				4E1B300C2BA12F3E00F30379 /* Resources */,
			);
			buildRules = (
			);
			dependencies = (
				4E1B30102BA12F3E00F30379 /* PBXTargetDependency */,
			);
			name = SwiftToolSetUITests;
			productName = SwiftToolSetUITests;
			productReference = 4E1B300E2BA12F3E00F30379 /* SwiftToolSetUITests.xctest */;
			productType = "com.apple.product-type.bundle.ui-testing";
		};
/* End PBXNativeTarget section */

/* Begin PBXProject section */
		4E1B2FE92BA12F3D00F30379 /* Project object */ = {
			isa = PBXProject;
			attributes = {
				BuildIndependentTargetsInParallel = 1;
				LastSwiftUpdateCheck = 1530;
				LastUpgradeCheck = 1530;
				TargetAttributes = {
					4E1B2FF02BA12F3D00F30379 = {
						CreatedOnToolsVersion = 15.3;
					};
					4E1B30032BA12F3E00F30379 = {
						CreatedOnToolsVersion = 15.3;
						TestTargetID = 4E1B2FF02BA12F3D00F30379;
					};
					4E1B300D2BA12F3E00F30379 = {
						CreatedOnToolsVersion = 15.3;
						TestTargetID = 4E1B2FF02BA12F3D00F30379;
					};
				};
			};
			buildConfigurationList = 4E1B2FEC2BA12F3D00F30379 /* Build configuration list for PBXProject "SwiftToolSet" */;
			compatibilityVersion = "Xcode 14.0";
			developmentRegion = en;
			hasScannedForEncodings = 0;
			knownRegions = (
				en,
				Base,
			);
			mainGroup = 4E1B2FE82BA12F3D00F30379;
			productRefGroup = 4E1B2FF22BA12F3D00F30379 /* Products */;
			projectDirPath = "";
			projectRoot = "";
			targets = (
				4E1B2FF02BA12F3D00F30379 /* SwiftToolSet */,
				4E1B30032BA12F3E00F30379 /* SwiftToolSetTests */,
				4E1B300D2BA12F3E00F30379 /* SwiftToolSetUITests */,
			);
		};
/* End PBXProject section */

/* Begin PBXResourcesBuildPhase section */
		4E1B2FEF2BA12F3D00F30379 /* Resources */ = {
			isa = PBXResourcesBuildPhase;
			buildActionMask = 2147483647;
			files = (
				4E1B2FFF2BA12F3E00F30379 /* Preview Assets.xcassets in Resources */,
				4E1B2FFB2BA12F3E00F30379 /* Assets.xcassets in Resources */,
			);
			runOnlyForDeploymentPostprocessing = 0;
		};
		4E1B30022BA12F3E00F30379 /* Resources */ = {
			isa = PBXResourcesBuildPhase;
			buildActionMask = 2147483647;
			files = (
			);
			runOnlyForDeploymentPostprocessing = 0;
		};
		4E1B300C2BA12F3E00F30379 /* Resources */ = {
			isa = PBXResourcesBuildPhase;
			buildActionMask = 2147483647;
			files = (
			);
			runOnlyForDeploymentPostprocessing = 0;
		};
/* End PBXResourcesBuildPhase section */

/* Begin PBXSourcesBuildPhase section */
		4E1B2FED2BA12F3D00F30379 /* Sources */ = {
			isa = PBXSourcesBuildPhase;
			buildActionMask = 2147483647;
			files = (
				4E47D65B2BA1FB2D00C504C2 /* IndicatorHome.swift in Sources */,
				4E47D6542BA1AB7100C504C2 /* ThemeChangeView.swift in Sources */,
				4E47D65D2BA1FD5500C504C2 /* PagingIndicator.swift in Sources */,
				4E1B2FF72BA12F3D00F30379 /* ContentView.swift in Sources */,
				4E47D6682BA34C6A00C504C2 /* HeaderAnimationHome.swift in Sources */,
				4E47D6602BA2A85500C504C2 /* MagnifyingClassHome.swift in Sources */,
				4E47D6662BA34C4000C504C2 /* Album.swift in Sources */,
				4E1B2FF92BA12F3D00F30379 /* Item.swift in Sources */,
				4E1B2FF52BA12F3D00F30379 /* SwiftToolSetApp.swift in Sources */,
				4E47D6582BA1B44400C504C2 /* TestThemeChangeView.swift in Sources */,
				4E47D66A2BA34D4C00C504C2 /* HeaderAnimation.swift in Sources */,
			);
			runOnlyForDeploymentPostprocessing = 0;
		};
		4E1B30002BA12F3E00F30379 /* Sources */ = {
			isa = PBXSourcesBuildPhase;
			buildActionMask = 2147483647;
			files = (
				4E1B30092BA12F3E00F30379 /* SwiftToolSetTests.swift in Sources */,
			);
			runOnlyForDeploymentPostprocessing = 0;
		};
		4E1B300A2BA12F3E00F30379 /* Sources */ = {
			isa = PBXSourcesBuildPhase;
			buildActionMask = 2147483647;
			files = (
				4E1B30132BA12F3E00F30379 /* SwiftToolSetUITests.swift in Sources */,
				4E1B30152BA12F3E00F30379 /* SwiftToolSetUITestsLaunchTests.swift in Sources */,
			);
			runOnlyForDeploymentPostprocessing = 0;
		};
/* End PBXSourcesBuildPhase section */

/* Begin PBXTargetDependency section */
		4E1B30062BA12F3E00F30379 /* PBXTargetDependency */ = {
			isa = PBXTargetDependency;
			target = 4E1B2FF02BA12F3D00F30379 /* SwiftToolSet */;
			targetProxy = 4E1B30052BA12F3E00F30379 /* PBXContainerItemProxy */;
		};
		4E1B30102BA12F3E00F30379 /* PBXTargetDependency */ = {
			isa = PBXTargetDependency;
			target = 4E1B2FF02BA12F3D00F30379 /* SwiftToolSet */;
			targetProxy = 4E1B300F2BA12F3E00F30379 /* PBXContainerItemProxy */;
		};
/* End PBXTargetDependency section */

/* Begin XCBuildConfiguration section */
		4E1B30162BA12F3E00F30379 /* Debug */ = {
			isa = XCBuildConfiguration;
			buildSettings = {
				ALWAYS_SEARCH_USER_PATHS = NO;
				ASSETCATALOG_COMPILER_GENERATE_SWIFT_ASSET_SYMBOL_EXTENSIONS = YES;
				CLANG_ANALYZER_NONNULL = YES;
				CLANG_ANALYZER_NUMBER_OBJECT_CONVERSION = YES_AGGRESSIVE;
				CLANG_CXX_LANGUAGE_STANDARD = "gnu++20";
				CLANG_ENABLE_MODULES = YES;
				CLANG_ENABLE_OBJC_ARC = YES;
				CLANG_ENABLE_OBJC_WEAK = YES;
				CLANG_WARN_BLOCK_CAPTURE_AUTORELEASING = YES;
				CLANG_WARN_BOOL_CONVERSION = YES;
				CLANG_WARN_COMMA = YES;
				CLANG_WARN_CONSTANT_CONVERSION = YES;
				CLANG_WARN_DEPRECATED_OBJC_IMPLEMENTATIONS = YES;
				CLANG_WARN_DIRECT_OBJC_ISA_USAGE = YES_ERROR;
				CLANG_WARN_DOCUMENTATION_COMMENTS = YES;
				CLANG_WARN_EMPTY_BODY = YES;
				CLANG_WARN_ENUM_CONVERSION = YES;
				CLANG_WARN_INFINITE_RECURSION = YES;
				CLANG_WARN_INT_CONVERSION = YES;
				CLANG_WARN_NON_LITERAL_NULL_CONVERSION = YES;
				CLANG_WARN_OBJC_IMPLICIT_RETAIN_SELF = YES;
				CLANG_WARN_OBJC_LITERAL_CONVERSION = YES;
				CLANG_WARN_OBJC_ROOT_CLASS = YES_ERROR;
				CLANG_WARN_QUOTED_INCLUDE_IN_FRAMEWORK_HEADER = YES;
				CLANG_WARN_RANGE_LOOP_ANALYSIS = YES;
				CLANG_WARN_STRICT_PROTOTYPES = YES;
				CLANG_WARN_SUSPICIOUS_MOVE = YES;
				CLANG_WARN_UNGUARDED_AVAILABILITY = YES_AGGRESSIVE;
				CLANG_WARN_UNREACHABLE_CODE = YES;
				CLANG_WARN__DUPLICATE_METHOD_MATCH = YES;
				COPY_PHASE_STRIP = NO;
				DEBUG_INFORMATION_FORMAT = dwarf;
				ENABLE_STRICT_OBJC_MSGSEND = YES;
				ENABLE_TESTABILITY = YES;
				ENABLE_USER_SCRIPT_SANDBOXING = YES;
				GCC_C_LANGUAGE_STANDARD = gnu17;
				GCC_DYNAMIC_NO_PIC = NO;
				GCC_NO_COMMON_BLOCKS = YES;
				GCC_OPTIMIZATION_LEVEL = 0;
				GCC_PREPROCESSOR_DEFINITIONS = (
					"DEBUG=1",
					"$(inherited)",
				);
				GCC_WARN_64_TO_32_BIT_CONVERSION = YES;
				GCC_WARN_ABOUT_RETURN_TYPE = YES_ERROR;
				GCC_WARN_UNDECLARED_SELECTOR = YES;
				GCC_WARN_UNINITIALIZED_AUTOS = YES_AGGRESSIVE;
				GCC_WARN_UNUSED_FUNCTION = YES;
				GCC_WARN_UNUSED_VARIABLE = YES;
				LOCALIZATION_PREFERS_STRING_CATALOGS = YES;
				MTL_ENABLE_DEBUG_INFO = INCLUDE_SOURCE;
				MTL_FAST_MATH = YES;
				ONLY_ACTIVE_ARCH = YES;
				SWIFT_ACTIVE_COMPILATION_CONDITIONS = "DEBUG $(inherited)";
				SWIFT_OPTIMIZATION_LEVEL = "-Onone";
			};
			name = Debug;
		};
		4E1B30172BA12F3E00F30379 /* Release */ = {
			isa = XCBuildConfiguration;
			buildSettings = {
				ALWAYS_SEARCH_USER_PATHS = NO;
				ASSETCATALOG_COMPILER_GENERATE_SWIFT_ASSET_SYMBOL_EXTENSIONS = YES;
				CLANG_ANALYZER_NONNULL = YES;
				CLANG_ANALYZER_NUMBER_OBJECT_CONVERSION = YES_AGGRESSIVE;
				CLANG_CXX_LANGUAGE_STANDARD = "gnu++20";
				CLANG_ENABLE_MODULES = YES;
				CLANG_ENABLE_OBJC_ARC = YES;
				CLANG_ENABLE_OBJC_WEAK = YES;
				CLANG_WARN_BLOCK_CAPTURE_AUTORELEASING = YES;
				CLANG_WARN_BOOL_CONVERSION = YES;
				CLANG_WARN_COMMA = YES;
				CLANG_WARN_CONSTANT_CONVERSION = YES;
				CLANG_WARN_DEPRECATED_OBJC_IMPLEMENTATIONS = YES;
				CLANG_WARN_DIRECT_OBJC_ISA_USAGE = YES_ERROR;
				CLANG_WARN_DOCUMENTATION_COMMENTS = YES;
				CLANG_WARN_EMPTY_BODY = YES;
				CLANG_WARN_ENUM_CONVERSION = YES;
				CLANG_WARN_INFINITE_RECURSION = YES;
				CLANG_WARN_INT_CONVERSION = YES;
				CLANG_WARN_NON_LITERAL_NULL_CONVERSION = YES;
				CLANG_WARN_OBJC_IMPLICIT_RETAIN_SELF = YES;
				CLANG_WARN_OBJC_LITERAL_CONVERSION = YES;
				CLANG_WARN_OBJC_ROOT_CLASS = YES_ERROR;
				CLANG_WARN_QUOTED_INCLUDE_IN_FRAMEWORK_HEADER = YES;
				CLANG_WARN_RANGE_LOOP_ANALYSIS = YES;
				CLANG_WARN_STRICT_PROTOTYPES = YES;
				CLANG_WARN_SUSPICIOUS_MOVE = YES;
				CLANG_WARN_UNGUARDED_AVAILABILITY = YES_AGGRESSIVE;
				CLANG_WARN_UNREACHABLE_CODE = YES;
				CLANG_WARN__DUPLICATE_METHOD_MATCH = YES;
				COPY_PHASE_STRIP = NO;
				DEBUG_INFORMATION_FORMAT = "dwarf-with-dsym";
				ENABLE_NS_ASSERTIONS = NO;
				ENABLE_STRICT_OBJC_MSGSEND = YES;
				ENABLE_USER_SCRIPT_SANDBOXING = YES;
				GCC_C_LANGUAGE_STANDARD = gnu17;
				GCC_NO_COMMON_BLOCKS = YES;
				GCC_WARN_64_TO_32_BIT_CONVERSION = YES;
				GCC_WARN_ABOUT_RETURN_TYPE = YES_ERROR;
				GCC_WARN_UNDECLARED_SELECTOR = YES;
				GCC_WARN_UNINITIALIZED_AUTOS = YES_AGGRESSIVE;
				GCC_WARN_UNUSED_FUNCTION = YES;
				GCC_WARN_UNUSED_VARIABLE = YES;
				LOCALIZATION_PREFERS_STRING_CATALOGS = YES;
				MTL_ENABLE_DEBUG_INFO = NO;
				MTL_FAST_MATH = YES;
				SWIFT_COMPILATION_MODE = wholemodule;
			};
			name = Release;
		};
		4E1B30192BA12F3E00F30379 /* Debug */ = {
			isa = XCBuildConfiguration;
			buildSettings = {
				ASSETCATALOG_COMPILER_APPICON_NAME = AppIcon;
				ASSETCATALOG_COMPILER_GLOBAL_ACCENT_COLOR_NAME = AccentColor;
				CODE_SIGN_ENTITLEMENTS = SwiftToolSet/SwiftToolSet.entitlements;
				CODE_SIGN_STYLE = Automatic;
				CURRENT_PROJECT_VERSION = 1;
				DEVELOPMENT_ASSET_PATHS = "\"SwiftToolSet/Preview Content\"";
				DEVELOPMENT_TEAM = 74FD5CKVZ5;
				ENABLE_HARDENED_RUNTIME = YES;
				ENABLE_PREVIEWS = YES;
				GENERATE_INFOPLIST_FILE = YES;
				"INFOPLIST_KEY_UIApplicationSceneManifest_Generation[sdk=iphoneos*]" = YES;
				"INFOPLIST_KEY_UIApplicationSceneManifest_Generation[sdk=iphonesimulator*]" = YES;
				"INFOPLIST_KEY_UIApplicationSupportsIndirectInputEvents[sdk=iphoneos*]" = YES;
				"INFOPLIST_KEY_UIApplicationSupportsIndirectInputEvents[sdk=iphonesimulator*]" = YES;
				"INFOPLIST_KEY_UILaunchScreen_Generation[sdk=iphoneos*]" = YES;
				"INFOPLIST_KEY_UILaunchScreen_Generation[sdk=iphonesimulator*]" = YES;
				"INFOPLIST_KEY_UIStatusBarStyle[sdk=iphoneos*]" = UIStatusBarStyleDefault;
				"INFOPLIST_KEY_UIStatusBarStyle[sdk=iphonesimulator*]" = UIStatusBarStyleDefault;
				INFOPLIST_KEY_UISupportedInterfaceOrientations_iPad = "UIInterfaceOrientationPortrait UIInterfaceOrientationPortraitUpsideDown UIInterfaceOrientationLandscapeLeft UIInterfaceOrientationLandscapeRight";
				INFOPLIST_KEY_UISupportedInterfaceOrientations_iPhone = "UIInterfaceOrientationPortrait UIInterfaceOrientationLandscapeLeft UIInterfaceOrientationLandscapeRight";
				IPHONEOS_DEPLOYMENT_TARGET = 17.0;
				LD_RUNPATH_SEARCH_PATHS = "@executable_path/Frameworks";
				"LD_RUNPATH_SEARCH_PATHS[sdk=macosx*]" = "@executable_path/../Frameworks";
				MACOSX_DEPLOYMENT_TARGET = 14.0;
				MARKETING_VERSION = 1.0;
				PRODUCT_BUNDLE_IDENTIFIER = io.outblock.lilico.sharedItem.SwiftToolSet;
				PRODUCT_NAME = "$(TARGET_NAME)";
				SDKROOT = auto;
				SUPPORTED_PLATFORMS = "iphoneos iphonesimulator macosx";
				SWIFT_EMIT_LOC_STRINGS = YES;
				SWIFT_VERSION = 5.0;
				TARGETED_DEVICE_FAMILY = "1,2";
			};
			name = Debug;
		};
		4E1B301A2BA12F3E00F30379 /* Release */ = {
			isa = XCBuildConfiguration;
			buildSettings = {
				ASSETCATALOG_COMPILER_APPICON_NAME = AppIcon;
				ASSETCATALOG_COMPILER_GLOBAL_ACCENT_COLOR_NAME = AccentColor;
				CODE_SIGN_ENTITLEMENTS = SwiftToolSet/SwiftToolSet.entitlements;
				CODE_SIGN_STYLE = Automatic;
				CURRENT_PROJECT_VERSION = 1;
				DEVELOPMENT_ASSET_PATHS = "\"SwiftToolSet/Preview Content\"";
				DEVELOPMENT_TEAM = 74FD5CKVZ5;
				ENABLE_HARDENED_RUNTIME = YES;
				ENABLE_PREVIEWS = YES;
				GENERATE_INFOPLIST_FILE = YES;
				"INFOPLIST_KEY_UIApplicationSceneManifest_Generation[sdk=iphoneos*]" = YES;
				"INFOPLIST_KEY_UIApplicationSceneManifest_Generation[sdk=iphonesimulator*]" = YES;
				"INFOPLIST_KEY_UIApplicationSupportsIndirectInputEvents[sdk=iphoneos*]" = YES;
				"INFOPLIST_KEY_UIApplicationSupportsIndirectInputEvents[sdk=iphonesimulator*]" = YES;
				"INFOPLIST_KEY_UILaunchScreen_Generation[sdk=iphoneos*]" = YES;
				"INFOPLIST_KEY_UILaunchScreen_Generation[sdk=iphonesimulator*]" = YES;
				"INFOPLIST_KEY_UIStatusBarStyle[sdk=iphoneos*]" = UIStatusBarStyleDefault;
				"INFOPLIST_KEY_UIStatusBarStyle[sdk=iphonesimulator*]" = UIStatusBarStyleDefault;
				INFOPLIST_KEY_UISupportedInterfaceOrientations_iPad = "UIInterfaceOrientationPortrait UIInterfaceOrientationPortraitUpsideDown UIInterfaceOrientationLandscapeLeft UIInterfaceOrientationLandscapeRight";
				INFOPLIST_KEY_UISupportedInterfaceOrientations_iPhone = "UIInterfaceOrientationPortrait UIInterfaceOrientationLandscapeLeft UIInterfaceOrientationLandscapeRight";
				IPHONEOS_DEPLOYMENT_TARGET = 17.0;
				LD_RUNPATH_SEARCH_PATHS = "@executable_path/Frameworks";
				"LD_RUNPATH_SEARCH_PATHS[sdk=macosx*]" = "@executable_path/../Frameworks";
				MACOSX_DEPLOYMENT_TARGET = 14.0;
				MARKETING_VERSION = 1.0;
				PRODUCT_BUNDLE_IDENTIFIER = io.outblock.lilico.sharedItem.SwiftToolSet;
				PRODUCT_NAME = "$(TARGET_NAME)";
				SDKROOT = auto;
				SUPPORTED_PLATFORMS = "iphoneos iphonesimulator macosx";
				SWIFT_EMIT_LOC_STRINGS = YES;
				SWIFT_VERSION = 5.0;
				TARGETED_DEVICE_FAMILY = "1,2";
			};
			name = Release;
		};
		4E1B301C2BA12F3E00F30379 /* Debug */ = {
			isa = XCBuildConfiguration;
			buildSettings = {
				ALWAYS_EMBED_SWIFT_STANDARD_LIBRARIES = YES;
				BUNDLE_LOADER = "$(TEST_HOST)";
				CODE_SIGN_STYLE = Automatic;
				CURRENT_PROJECT_VERSION = 1;
				DEVELOPMENT_TEAM = 74FD5CKVZ5;
				GENERATE_INFOPLIST_FILE = YES;
				IPHONEOS_DEPLOYMENT_TARGET = 17.4;
				MACOSX_DEPLOYMENT_TARGET = 14.2;
				MARKETING_VERSION = 1.0;
				PRODUCT_BUNDLE_IDENTIFIER = io.outblock.lilico.sharedItem.SwiftToolSetTests;
				PRODUCT_NAME = "$(TARGET_NAME)";
				SDKROOT = auto;
				SUPPORTED_PLATFORMS = "iphoneos iphonesimulator macosx";
				SWIFT_EMIT_LOC_STRINGS = NO;
				SWIFT_VERSION = 5.0;
				TARGETED_DEVICE_FAMILY = "1,2";
				TEST_HOST = "$(BUILT_PRODUCTS_DIR)/SwiftToolSet.app/$(BUNDLE_EXECUTABLE_FOLDER_PATH)/SwiftToolSet";
			};
			name = Debug;
		};
		4E1B301D2BA12F3E00F30379 /* Release */ = {
			isa = XCBuildConfiguration;
			buildSettings = {
				ALWAYS_EMBED_SWIFT_STANDARD_LIBRARIES = YES;
				BUNDLE_LOADER = "$(TEST_HOST)";
				CODE_SIGN_STYLE = Automatic;
				CURRENT_PROJECT_VERSION = 1;
				DEVELOPMENT_TEAM = 74FD5CKVZ5;
				GENERATE_INFOPLIST_FILE = YES;
				IPHONEOS_DEPLOYMENT_TARGET = 17.4;
				MACOSX_DEPLOYMENT_TARGET = 14.2;
				MARKETING_VERSION = 1.0;
				PRODUCT_BUNDLE_IDENTIFIER = io.outblock.lilico.sharedItem.SwiftToolSetTests;
				PRODUCT_NAME = "$(TARGET_NAME)";
				SDKROOT = auto;
				SUPPORTED_PLATFORMS = "iphoneos iphonesimulator macosx";
				SWIFT_EMIT_LOC_STRINGS = NO;
				SWIFT_VERSION = 5.0;
				TARGETED_DEVICE_FAMILY = "1,2";
				TEST_HOST = "$(BUILT_PRODUCTS_DIR)/SwiftToolSet.app/$(BUNDLE_EXECUTABLE_FOLDER_PATH)/SwiftToolSet";
			};
			name = Release;
		};
		4E1B301F2BA12F3E00F30379 /* Debug */ = {
			isa = XCBuildConfiguration;
			buildSettings = {
				ALWAYS_EMBED_SWIFT_STANDARD_LIBRARIES = YES;
				CODE_SIGN_STYLE = Automatic;
				CURRENT_PROJECT_VERSION = 1;
				DEVELOPMENT_TEAM = 74FD5CKVZ5;
				GENERATE_INFOPLIST_FILE = YES;
				IPHONEOS_DEPLOYMENT_TARGET = 17.4;
				MACOSX_DEPLOYMENT_TARGET = 14.2;
				MARKETING_VERSION = 1.0;
				PRODUCT_BUNDLE_IDENTIFIER = io.outblock.lilico.sharedItem.SwiftToolSetUITests;
				PRODUCT_NAME = "$(TARGET_NAME)";
				SDKROOT = auto;
				SUPPORTED_PLATFORMS = "iphoneos iphonesimulator macosx";
				SWIFT_EMIT_LOC_STRINGS = NO;
				SWIFT_VERSION = 5.0;
				TARGETED_DEVICE_FAMILY = "1,2";
				TEST_TARGET_NAME = SwiftToolSet;
			};
			name = Debug;
		};
		4E1B30202BA12F3E00F30379 /* Release */ = {
			isa = XCBuildConfiguration;
			buildSettings = {
				ALWAYS_EMBED_SWIFT_STANDARD_LIBRARIES = YES;
				CODE_SIGN_STYLE = Automatic;
				CURRENT_PROJECT_VERSION = 1;
				DEVELOPMENT_TEAM = 74FD5CKVZ5;
				GENERATE_INFOPLIST_FILE = YES;
				IPHONEOS_DEPLOYMENT_TARGET = 17.4;
				MACOSX_DEPLOYMENT_TARGET = 14.2;
				MARKETING_VERSION = 1.0;
				PRODUCT_BUNDLE_IDENTIFIER = io.outblock.lilico.sharedItem.SwiftToolSetUITests;
				PRODUCT_NAME = "$(TARGET_NAME)";
				SDKROOT = auto;
				SUPPORTED_PLATFORMS = "iphoneos iphonesimulator macosx";
				SWIFT_EMIT_LOC_STRINGS = NO;
				SWIFT_VERSION = 5.0;
				TARGETED_DEVICE_FAMILY = "1,2";
				TEST_TARGET_NAME = SwiftToolSet;
			};
			name = Release;
		};
/* End XCBuildConfiguration section */

/* Begin XCConfigurationList section */
		4E1B2FEC2BA12F3D00F30379 /* Build configuration list for PBXProject "SwiftToolSet" */ = {
			isa = XCConfigurationList;
			buildConfigurations = (
				4E1B30162BA12F3E00F30379 /* Debug */,
				4E1B30172BA12F3E00F30379 /* Release */,
			);
			defaultConfigurationIsVisible = 0;
			defaultConfigurationName = Release;
		};
		4E1B30182BA12F3E00F30379 /* Build configuration list for PBXNativeTarget "SwiftToolSet" */ = {
			isa = XCConfigurationList;
			buildConfigurations = (
				4E1B30192BA12F3E00F30379 /* Debug */,
				4E1B301A2BA12F3E00F30379 /* Release */,
			);
			defaultConfigurationIsVisible = 0;
			defaultConfigurationName = Release;
		};
		4E1B301B2BA12F3E00F30379 /* Build configuration list for PBXNativeTarget "SwiftToolSetTests" */ = {
			isa = XCConfigurationList;
			buildConfigurations = (
				4E1B301C2BA12F3E00F30379 /* Debug */,
				4E1B301D2BA12F3E00F30379 /* Release */,
			);
			defaultConfigurationIsVisible = 0;
			defaultConfigurationName = Release;
		};
		4E1B301E2BA12F3E00F30379 /* Build configuration list for PBXNativeTarget "SwiftToolSetUITests" */ = {
			isa = XCConfigurationList;
			buildConfigurations = (
				4E1B301F2BA12F3E00F30379 /* Debug */,
				4E1B30202BA12F3E00F30379 /* Release */,
			);
			defaultConfigurationIsVisible = 0;
			defaultConfigurationName = Release;
		};
/* End XCConfigurationList section */
	};
	rootObject = 4E1B2FE92BA12F3D00F30379 /* Project object */;
}
